
Microsoft Visual Studio Solution File, Format Version 11.00
# Visual Studio 2010
Project("{FAE04EC0-301F-11D3-BF4B-00C04F79EFBC}") = "ZDay", "ZDay\ZDay.csproj", "{5FDA5089-0009-4AB8-BFD5-C44E9EBDD578}"
EndProject
Global
	GlobalSection(SolutionConfigurationPlatforms) = preSolution
		Debug|x86 = Debug|x86
		Release|x86 = Release|x86
	EndGlobalSection
	GlobalSection(ProjectConfigurationPlatforms) = postSolution
		{5FDA5089-0009-4AB8-BFD5-C44E9EBDD578}.Debug|x86.ActiveCfg = Debug|x86
		{5FDA5089-0009-4AB8-BFD5-C44E9EBDD578}.Debug|x86.Build.0 = Debug|x86
		{5FDA5089-0009-4AB8-BFD5-C44E9EBDD578}.Release|x86.ActiveCfg = Release|x86
		{5FDA5089-0009-4AB8-BFD5-C44E9EBDD578}.Release|x86.Build.0 = Release|x86
	EndGlobalSection
	GlobalSection(SolutionProperties) = preSolution
		HideSolutionNode = FALSE
	EndGlobalSection
EndGlobal
